
Microsoft Visual Studio Solution File, Format Version 12.00
# Visual Studio Version 16
VisualStudioVersion = 16.0.31729.503
MinimumVisualStudioVersion = 10.0.40219.1
Project("{FAE04EC0-301F-11D3-BF4B-00C04F79EFBC}") = "Automationpractice", "Automationpractice\Automationpractice.csproj", "{6D48BB86-0B43-40B2-AA40-49943DC2E219}"
EndProject
Global
	GlobalSection(SolutionConfigurationPlatforms) = preSolution
		Debug|Any CPU = Debug|Any CPU
		Release|Any CPU = Release|Any CPU
	EndGlobalSection
	GlobalSection(ProjectConfigurationPlatforms) = postSolution
		{6D48BB86-0B43-40B2-AA40-49943DC2E219}.Debug|Any CPU.ActiveCfg = Debug|Any CPU
		{6D48BB86-0B43-40B2-AA40-49943DC2E219}.Debug|Any CPU.Build.0 = Debug|Any CPU
		{6D48BB86-0B43-40B2-AA40-49943DC2E219}.Release|Any CPU.ActiveCfg = Release|Any CPU
		{6D48BB86-0B43-40B2-AA40-49943DC2E219}.Release|Any CPU.Build.0 = Release|Any CPU
	EndGlobalSection
	GlobalSection(SolutionProperties) = preSolution
		HideSolutionNode = FALSE
	EndGlobalSection
	GlobalSection(ExtensibilityGlobals) = postSolution
		SolutionGuid = {46E6683A-D9A0-4338-A24D-4A9EE6DF7C81}
	EndGlobalSection
EndGlobal
